{
  "name": "BookMonkey",
  "lockfileVersion": 3,
  "requires": true,
  "packages": {
    "": {
      "dependencies": {
        "book-monkey5-styles": "^1.0.4"
      }
    },
    "node_modules/book-monkey5-styles": {
      "version": "1.0.4",
      "resolved": "https://registry.npmjs.org/book-monkey5-styles/-/book-monkey5-styles-1.0.4.tgz",
      "integrity": "sha512-Hzal3Z0hvOLF7UplSVRSLSi0BRbW6vFzfU6maIS6I19gfvEjcivWg7M3q2zF32YKxC1buZJkvctgGh4pFGRbig=="
    }
  }
}
